
Microsoft Visual Studio Solution File, Format Version 12.00
# Visual Studio Version 16
VisualStudioVersion = 16.0.30611.23
MinimumVisualStudioVersion = 10.0.40219.1
Project("{FAE04EC0-301F-11D3-BF4B-00C04F79EFBC}") = "dotNet5781_00_3963_9714", "dotNet5781_00_3963_9714\dotNet5781_00_3963_9714.csproj", "{3D14ECB5-0FC5-45C7-854D-91CF79EC48AD}"
EndProject
Project("{FAE04EC0-301F-11D3-BF4B-00C04F79EFBC}") = "dotNet5781_01_3963_9714", "dotNet5781_01_3963_9714\dotNet5781_01_3963_9714.csproj", "{7C379AA6-1447-4EB1-950C-B44844CED8AE}"
EndProject
Project("{FAE04EC0-301F-11D3-BF4B-00C04F79EFBC}") = "dotNet5781_02_3963_9714", "dotNet5781_02_3963_9714\dotNet5781_02_3963_9714.csproj", "{17D36F5F-4F19-4E9E-86CE-5A0AC238CEC7}"
EndProject
Project("{FAE04EC0-301F-11D3-BF4B-00C04F79EFBC}") = "dotNet5781_03A_3963_9714", "dotNet5781_03A_3963_9714\dotNet5781_03A_3963_9714.csproj", "{5A7799C7-27D4-4A45-B68D-9B3F081FA26C}"
EndProject
Project("{FAE04EC0-301F-11D3-BF4B-00C04F79EFBC}") = "dotNet5781_03B_3963_9714", "dotNet5781_03B_3963_9714\dotNet5781_03B_3963_9714.csproj", "{D6A05E06-5CFB-4554-A4A0-BCEA3A028E01}"
EndProject
Project("{FAE04EC0-301F-11D3-BF4B-00C04F79EFBC}") = "BL", "BL\BL.csproj", "{370823A5-9EE2-4D6A-9056-1705ED6E7161}"
EndProject
Project("{FAE04EC0-301F-11D3-BF4B-00C04F79EFBC}") = "DLAPI", "DLAPI\DLAPI.csproj", "{63A133E0-8C9D-4376-9B2C-09812CE58717}"
EndProject
Project("{FAE04EC0-301F-11D3-BF4B-00C04F79EFBC}") = "DS", "DS\DS.csproj", "{878E5F8D-0E60-485F-90CF-19AFB7BD44CB}"
EndProject
Project("{FAE04EC0-301F-11D3-BF4B-00C04F79EFBC}") = "UItemp", "UI\UItemp.csproj", "{56F11037-E840-4A16-86D5-5FE6F91144D2}"
EndProject
Project("{FAE04EC0-301F-11D3-BF4B-00C04F79EFBC}") = "DalObject", "DalObject\DalObject.csproj", "{14882A23-AC52-487D-8820-127F6E4D0C4D}"
EndProject
Project("{FAE04EC0-301F-11D3-BF4B-00C04F79EFBC}") = "PL", "PL\PL.csproj", "{745F5C91-AE02-4589-9C39-32E48325EC58}"
EndProject
Project("{FAE04EC0-301F-11D3-BF4B-00C04F79EFBC}") = "DLXML", "DLXML\DLXML.csproj", "{C48E27AD-BA4A-4120-BFDF-AD1F00982A72}"
EndProject
Project("{2150E333-8FDC-42A3-9474-1A3956D46DE8}") = "Solution Folder", "Solution Folder", "{5F79BD95-8BA8-4F23-BCDF-3FAF041F24AA}"
	ProjectSection(SolutionItems) = preProject
		bin\config.xml = bin\config.xml
	EndProjectSection
EndProject
Global
	GlobalSection(SolutionConfigurationPlatforms) = preSolution
		Debug|Any CPU = Debug|Any CPU
		Release|Any CPU = Release|Any CPU
	EndGlobalSection
	GlobalSection(ProjectConfigurationPlatforms) = postSolution
		{3D14ECB5-0FC5-45C7-854D-91CF79EC48AD}.Debug|Any CPU.ActiveCfg = Debug|Any CPU
		{3D14ECB5-0FC5-45C7-854D-91CF79EC48AD}.Debug|Any CPU.Build.0 = Debug|Any CPU
		{3D14ECB5-0FC5-45C7-854D-91CF79EC48AD}.Release|Any CPU.ActiveCfg = Release|Any CPU
		{3D14ECB5-0FC5-45C7-854D-91CF79EC48AD}.Release|Any CPU.Build.0 = Release|Any CPU
		{7C379AA6-1447-4EB1-950C-B44844CED8AE}.Debug|Any CPU.ActiveCfg = Debug|Any CPU
		{7C379AA6-1447-4EB1-950C-B44844CED8AE}.Debug|Any CPU.Build.0 = Debug|Any CPU
		{7C379AA6-1447-4EB1-950C-B44844CED8AE}.Release|Any CPU.ActiveCfg = Release|Any CPU
		{7C379AA6-1447-4EB1-950C-B44844CED8AE}.Release|Any CPU.Build.0 = Release|Any CPU
		{17D36F5F-4F19-4E9E-86CE-5A0AC238CEC7}.Debug|Any CPU.ActiveCfg = Debug|Any CPU
		{17D36F5F-4F19-4E9E-86CE-5A0AC238CEC7}.Debug|Any CPU.Build.0 = Debug|Any CPU
		{17D36F5F-4F19-4E9E-86CE-5A0AC238CEC7}.Release|Any CPU.ActiveCfg = Release|Any CPU
		{17D36F5F-4F19-4E9E-86CE-5A0AC238CEC7}.Release|Any CPU.Build.0 = Release|Any CPU
		{5A7799C7-27D4-4A45-B68D-9B3F081FA26C}.Debug|Any CPU.ActiveCfg = Debug|Any CPU
		{5A7799C7-27D4-4A45-B68D-9B3F081FA26C}.Debug|Any CPU.Build.0 = Debug|Any CPU
		{5A7799C7-27D4-4A45-B68D-9B3F081FA26C}.Release|Any CPU.ActiveCfg = Release|Any CPU
		{5A7799C7-27D4-4A45-B68D-9B3F081FA26C}.Release|Any CPU.Build.0 = Release|Any CPU
		{D6A05E06-5CFB-4554-A4A0-BCEA3A028E01}.Debug|Any CPU.ActiveCfg = Debug|Any CPU
		{D6A05E06-5CFB-4554-A4A0-BCEA3A028E01}.Debug|Any CPU.Build.0 = Debug|Any CPU
		{D6A05E06-5CFB-4554-A4A0-BCEA3A028E01}.Release|Any CPU.ActiveCfg = Release|Any CPU
		{D6A05E06-5CFB-4554-A4A0-BCEA3A028E01}.Release|Any CPU.Build.0 = Release|Any CPU
		{370823A5-9EE2-4D6A-9056-1705ED6E7161}.Debug|Any CPU.ActiveCfg = Debug|Any CPU
		{370823A5-9EE2-4D6A-9056-1705ED6E7161}.Debug|Any CPU.Build.0 = Debug|Any CPU
		{370823A5-9EE2-4D6A-9056-1705ED6E7161}.Release|Any CPU.ActiveCfg = Release|Any CPU
		{370823A5-9EE2-4D6A-9056-1705ED6E7161}.Release|Any CPU.Build.0 = Release|Any CPU
		{63A133E0-8C9D-4376-9B2C-09812CE58717}.Debug|Any CPU.ActiveCfg = Debug|Any CPU
		{63A133E0-8C9D-4376-9B2C-09812CE58717}.Debug|Any CPU.Build.0 = Debug|Any CPU
		{63A133E0-8C9D-4376-9B2C-09812CE58717}.Release|Any CPU.ActiveCfg = Release|Any CPU
		{63A133E0-8C9D-4376-9B2C-09812CE58717}.Release|Any CPU.Build.0 = Release|Any CPU
		{878E5F8D-0E60-485F-90CF-19AFB7BD44CB}.Debug|Any CPU.ActiveCfg = Debug|Any CPU
		{878E5F8D-0E60-485F-90CF-19AFB7BD44CB}.Debug|Any CPU.Build.0 = Debug|Any CPU
		{878E5F8D-0E60-485F-90CF-19AFB7BD44CB}.Release|Any CPU.ActiveCfg = Release|Any CPU
		{878E5F8D-0E60-485F-90CF-19AFB7BD44CB}.Release|Any CPU.Build.0 = Release|Any CPU
		{56F11037-E840-4A16-86D5-5FE6F91144D2}.Debug|Any CPU.ActiveCfg = Debug|Any CPU
		{56F11037-E840-4A16-86D5-5FE6F91144D2}.Debug|Any CPU.Build.0 = Debug|Any CPU
		{56F11037-E840-4A16-86D5-5FE6F91144D2}.Release|Any CPU.ActiveCfg = Release|Any CPU
		{56F11037-E840-4A16-86D5-5FE6F91144D2}.Release|Any CPU.Build.0 = Release|Any CPU
		{14882A23-AC52-487D-8820-127F6E4D0C4D}.Debug|Any CPU.ActiveCfg = Debug|Any CPU
		{14882A23-AC52-487D-8820-127F6E4D0C4D}.Debug|Any CPU.Build.0 = Debug|Any CPU
		{14882A23-AC52-487D-8820-127F6E4D0C4D}.Release|Any CPU.ActiveCfg = Release|Any CPU
		{14882A23-AC52-487D-8820-127F6E4D0C4D}.Release|Any CPU.Build.0 = Release|Any CPU
		{745F5C91-AE02-4589-9C39-32E48325EC58}.Debug|Any CPU.ActiveCfg = Debug|Any CPU
		{745F5C91-AE02-4589-9C39-32E48325EC58}.Debug|Any CPU.Build.0 = Debug|Any CPU
		{745F5C91-AE02-4589-9C39-32E48325EC58}.Release|Any CPU.ActiveCfg = Release|Any CPU
		{745F5C91-AE02-4589-9C39-32E48325EC58}.Release|Any CPU.Build.0 = Release|Any CPU
		{C48E27AD-BA4A-4120-BFDF-AD1F00982A72}.Debug|Any CPU.ActiveCfg = Debug|Any CPU
		{C48E27AD-BA4A-4120-BFDF-AD1F00982A72}.Debug|Any CPU.Build.0 = Debug|Any CPU
		{C48E27AD-BA4A-4120-BFDF-AD1F00982A72}.Release|Any CPU.ActiveCfg = Release|Any CPU
		{C48E27AD-BA4A-4120-BFDF-AD1F00982A72}.Release|Any CPU.Build.0 = Release|Any CPU
	EndGlobalSection
	GlobalSection(SolutionProperties) = preSolution
		HideSolutionNode = FALSE
	EndGlobalSection
	GlobalSection(ExtensibilityGlobals) = postSolution
		SolutionGuid = {2AFEE15D-9319-4CC0-A0E9-D1C00077206D}
	EndGlobalSection
EndGlobal
